
Microsoft Visual Studio Solution File, Format Version 12.00
# Visual Studio Version 17
VisualStudioVersion = 17.7.34221.43
MinimumVisualStudioVersion = 10.0.40219.1
Project("{FAE04EC0-301F-11D3-BF4B-00C04F79EFBC}") = "riode", "riode\riode.csproj", "{01FA8F54-C667-4715-B26E-FB2097C7269B}"
EndProject
Global
	GlobalSection(SolutionConfigurationPlatforms) = preSolution
		Debug|Any CPU = Debug|Any CPU
		Release|Any CPU = Release|Any CPU
	EndGlobalSection
	GlobalSection(ProjectConfigurationPlatforms) = postSolution
		{01FA8F54-C667-4715-B26E-FB2097C7269B}.Debug|Any CPU.ActiveCfg = Debug|Any CPU
		{01FA8F54-C667-4715-B26E-FB2097C7269B}.Debug|Any CPU.Build.0 = Debug|Any CPU
		{01FA8F54-C667-4715-B26E-FB2097C7269B}.Release|Any CPU.ActiveCfg = Release|Any CPU
		{01FA8F54-C667-4715-B26E-FB2097C7269B}.Release|Any CPU.Build.0 = Release|Any CPU
	EndGlobalSection
	GlobalSection(SolutionProperties) = preSolution
		HideSolutionNode = FALSE
	EndGlobalSection
	GlobalSection(ExtensibilityGlobals) = postSolution
		SolutionGuid = {E73869A7-1229-46E6-979E-55FBA594233E}
	EndGlobalSection
EndGlobal
